
Microsoft Visual Studio Solution File, Format Version 12.00
# Visual Studio Version 16
VisualStudioVersion = 16.0.30011.22
MinimumVisualStudioVersion = 10.0.40219.1
Project("{9A19103F-16F7-4668-BE54-9A1E7A4F7556}") = "StoreApp", "StoreApp\StoreApp.csproj", "{79496B57-E9F9-460B-942B-206E493D9D44}"
EndProject
Project("{9A19103F-16F7-4668-BE54-9A1E7A4F7556}") = "Testing", "Testing\Testing.csproj", "{40D19304-37E6-4978-9036-6FC2D3CC395D}"
EndProject
Global
	GlobalSection(SolutionConfigurationPlatforms) = preSolution
		Debug|Any CPU = Debug|Any CPU
		Release|Any CPU = Release|Any CPU
	EndGlobalSection
	GlobalSection(ProjectConfigurationPlatforms) = postSolution
		{79496B57-E9F9-460B-942B-206E493D9D44}.Debug|Any CPU.ActiveCfg = Debug|Any CPU
		{79496B57-E9F9-460B-942B-206E493D9D44}.Debug|Any CPU.Build.0 = Debug|Any CPU
		{79496B57-E9F9-460B-942B-206E493D9D44}.Release|Any CPU.ActiveCfg = Release|Any CPU
		{79496B57-E9F9-460B-942B-206E493D9D44}.Release|Any CPU.Build.0 = Release|Any CPU
		{40D19304-37E6-4978-9036-6FC2D3CC395D}.Debug|Any CPU.ActiveCfg = Debug|Any CPU
		{40D19304-37E6-4978-9036-6FC2D3CC395D}.Debug|Any CPU.Build.0 = Debug|Any CPU
		{40D19304-37E6-4978-9036-6FC2D3CC395D}.Release|Any CPU.ActiveCfg = Release|Any CPU
		{40D19304-37E6-4978-9036-6FC2D3CC395D}.Release|Any CPU.Build.0 = Release|Any CPU
	EndGlobalSection
	GlobalSection(SolutionProperties) = preSolution
		HideSolutionNode = FALSE
	EndGlobalSection
	GlobalSection(ExtensibilityGlobals) = postSolution
		SolutionGuid = {B0E57B82-C0C2-4627-B99D-66249A7ADAB6}
	EndGlobalSection
EndGlobal
